# This file is generated by running "yarn install" inside your project.
# Manual changes might be lost - proceed with caution!

__metadata:
  version: 8
  cacheKey: 10

"@types/node@npm:^24.3.0":
  version: 24.3.0
  resolution: "@types/node@npm:24.3.0"
  dependencies:
    undici-types: "npm:~7.10.0"
  checksum: 10/1331c2d0e9a512ac27a016b4df3eff92317e4603dbbbab31731275dff14d3a04847a50c5776cbf94f99ff4dedac0ba5f721dce8cea020d8eea5e21711fd964b0
  languageName: node
  linkType: hard

"available-slot-katas@workspace:.":
  version: 0.0.0-use.local
  resolution: "available-slot-katas@workspace:."
  dependencies:
    "@types/node": "npm:^24.3.0"
    typescript: "npm:^5.9.2"
  languageName: unknown
  linkType: soft

"typescript@npm:^5.9.2":
  version: 5.9.2
  resolution: "typescript@npm:5.9.2"
  bin:
    tsc: bin/tsc
    tsserver: bin/tsserver
  checksum: 10/cc2fe6c822819de5d453fa25aa9f32096bf70dde215d481faa1ad84a283dfb264e33988ed8f6d36bc803dd0b16dbe943efa311a798ef76d5b3892a05dfbfd628
  languageName: node
  linkType: hard

"typescript@patch:typescript@npm%3A^5.9.2#optional!builtin<compat/typescript>":
  version: 5.9.2
  resolution: "typescript@patch:typescript@npm%3A5.9.2#optional!builtin<compat/typescript>::version=5.9.2&hash=5786d5"
  bin:
    tsc: bin/tsc
    tsserver: bin/tsserver
  checksum: 10/bd810ab13e8e557225a8b5122370385440b933e4e077d5c7641a8afd207fdc8be9c346e3c678adba934b64e0e70b0acf5eef9493ea05170a48ce22bef845fdc7
  languageName: node
  linkType: hard

"undici-types@npm:~7.10.0":
  version: 7.10.0
  resolution: "undici-types@npm:7.10.0"
  checksum: 10/1f3fe777937690ab8a7a7bccabc8fdf4b3171f4899b5a384fb5f3d6b56c4b5fec2a51fbf345c9dd002ff6716fd440a37fa8fdb0e13af8eca8889f25445875ba3
  languageName: node
  linkType: hard
